// !$*UTF8*$!
{
	archiveVersion = 1;
	classes = {
	};
	objectVersion = 56;
	objects = {

/* Begin PBXBuildFile section */
		345245C22B274A20004AEA28 /* SwiftfulCryptoApp.swift in Sources */ = {isa = PBXBuildFile; fileRef = 345245C12B274A20004AEA28 /* SwiftfulCryptoApp.swift */; };
		345245C42B274A20004AEA28 /* ContentView.swift in Sources */ = {isa = PBXBuildFile; fileRef = 345245C32B274A20004AEA28 /* ContentView.swift */; };
		345245C92B274A21004AEA28 /* Preview Assets.xcassets in Resources */ = {isa = PBXBuildFile; fileRef = 345245C82B274A21004AEA28 /* Preview Assets.xcassets */; };
		345245D02B274ABF004AEA28 /* Assets.xcassets in Resources */ = {isa = PBXBuildFile; fileRef = 345245CF2B274ABF004AEA28 /* Assets.xcassets */; };
		345245D32B274BDD004AEA28 /* Color.swift in Sources */ = {isa = PBXBuildFile; fileRef = 345245D22B274BDD004AEA28 /* Color.swift */; };
		345245D82B274F70004AEA28 /* HomeView.swift in Sources */ = {isa = PBXBuildFile; fileRef = 345245D72B274F70004AEA28 /* HomeView.swift */; };
		345245DC2B275113004AEA28 /* CircleButtonView.swift in Sources */ = {isa = PBXBuildFile; fileRef = 345245DB2B275113004AEA28 /* CircleButtonView.swift */; };
		345245DE2B275C90004AEA28 /* CircleButtonAnimationView.swift in Sources */ = {isa = PBXBuildFile; fileRef = 345245DD2B275C90004AEA28 /* CircleButtonAnimationView.swift */; };
		345245E12B2783F0004AEA28 /* CoinModel.swift in Sources */ = {isa = PBXBuildFile; fileRef = 345245E02B2783F0004AEA28 /* CoinModel.swift */; };
		345245E32B2787B1004AEA28 /* CoinRowView.swift in Sources */ = {isa = PBXBuildFile; fileRef = 345245E22B2787B1004AEA28 /* CoinRowView.swift */; };
		345245E52B278830004AEA28 /* PreviewProvider.swift in Sources */ = {isa = PBXBuildFile; fileRef = 345245E42B278830004AEA28 /* PreviewProvider.swift */; };
		345245E72B27922E004AEA28 /* Double.swift in Sources */ = {isa = PBXBuildFile; fileRef = 345245E62B27922E004AEA28 /* Double.swift */; };
		34E9DFD92B29FEAD00AAAA96 /* HomeViewModel.swift in Sources */ = {isa = PBXBuildFile; fileRef = 34E9DFD82B29FEAD00AAAA96 /* HomeViewModel.swift */; };
/* End PBXBuildFile section */

/* Begin PBXFileReference section */
		345245BE2B274A20004AEA28 /* SwiftfulCrypto.app */ = {isa = PBXFileReference; explicitFileType = wrapper.application; includeInIndex = 0; path = SwiftfulCrypto.app; sourceTree = BUILT_PRODUCTS_DIR; };
		345245C12B274A20004AEA28 /* SwiftfulCryptoApp.swift */ = {isa = PBXFileReference; lastKnownFileType = sourcecode.swift; path = SwiftfulCryptoApp.swift; sourceTree = "<group>"; };
		345245C32B274A20004AEA28 /* ContentView.swift */ = {isa = PBXFileReference; lastKnownFileType = sourcecode.swift; path = ContentView.swift; sourceTree = "<group>"; };
		345245C82B274A21004AEA28 /* Preview Assets.xcassets */ = {isa = PBXFileReference; lastKnownFileType = folder.assetcatalog; path = "Preview Assets.xcassets"; sourceTree = "<group>"; };
		345245CF2B274ABF004AEA28 /* Assets.xcassets */ = {isa = PBXFileReference; lastKnownFileType = folder.assetcatalog; name = Assets.xcassets; path = Resources/Assets.xcassets; sourceTree = SOURCE_ROOT; };
		345245D22B274BDD004AEA28 /* Color.swift */ = {isa = PBXFileReference; lastKnownFileType = sourcecode.swift; path = Color.swift; sourceTree = "<group>"; };
		345245D72B274F70004AEA28 /* HomeView.swift */ = {isa = PBXFileReference; lastKnownFileType = sourcecode.swift; path = HomeView.swift; sourceTree = "<group>"; };
		345245DB2B275113004AEA28 /* CircleButtonView.swift */ = {isa = PBXFileReference; lastKnownFileType = sourcecode.swift; path = CircleButtonView.swift; sourceTree = "<group>"; };
		345245DD2B275C90004AEA28 /* CircleButtonAnimationView.swift */ = {isa = PBXFileReference; lastKnownFileType = sourcecode.swift; path = CircleButtonAnimationView.swift; sourceTree = "<group>"; };
		345245E02B2783F0004AEA28 /* CoinModel.swift */ = {isa = PBXFileReference; lastKnownFileType = sourcecode.swift; path = CoinModel.swift; sourceTree = "<group>"; };
		345245E22B2787B1004AEA28 /* CoinRowView.swift */ = {isa = PBXFileReference; lastKnownFileType = sourcecode.swift; path = CoinRowView.swift; sourceTree = "<group>"; };
		345245E42B278830004AEA28 /* PreviewProvider.swift */ = {isa = PBXFileReference; lastKnownFileType = sourcecode.swift; path = PreviewProvider.swift; sourceTree = "<group>"; };
		345245E62B27922E004AEA28 /* Double.swift */ = {isa = PBXFileReference; lastKnownFileType = sourcecode.swift; path = Double.swift; sourceTree = "<group>"; };
		34E9DFD82B29FEAD00AAAA96 /* HomeViewModel.swift */ = {isa = PBXFileReference; lastKnownFileType = sourcecode.swift; path = HomeViewModel.swift; sourceTree = "<group>"; };
/* End PBXFileReference section */

/* Begin PBXFrameworksBuildPhase section */
		345245BB2B274A20004AEA28 /* Frameworks */ = {
			isa = PBXFrameworksBuildPhase;
			buildActionMask = 2147483647;
			files = (
			);
			runOnlyForDeploymentPostprocessing = 0;
		};
/* End PBXFrameworksBuildPhase section */

/* Begin PBXGroup section */
		345245B52B274A20004AEA28 = {
			isa = PBXGroup;
			children = (
				345245C02B274A20004AEA28 /* SwiftfulCrypto */,
				345245BF2B274A20004AEA28 /* Products */,
			);
			sourceTree = "<group>";
		};
		345245BF2B274A20004AEA28 /* Products */ = {
			isa = PBXGroup;
			children = (
				345245BE2B274A20004AEA28 /* SwiftfulCrypto.app */,
			);
			name = Products;
			sourceTree = "<group>";
		};
		345245C02B274A20004AEA28 /* SwiftfulCrypto */ = {
			isa = PBXGroup;
			children = (
				345245DF2B2783D7004AEA28 /* Models */,
				345245D12B274BB8004AEA28 /* Extensions */,
				345245D42B274EB9004AEA28 /* Core */,
				345245CF2B274ABF004AEA28 /* Assets.xcassets */,
				345245C12B274A20004AEA28 /* SwiftfulCryptoApp.swift */,
				345245C32B274A20004AEA28 /* ContentView.swift */,
				345245C72B274A21004AEA28 /* Preview Content */,
			);
			path = SwiftfulCrypto;
			sourceTree = "<group>";
		};
		345245C72B274A21004AEA28 /* Preview Content */ = {
			isa = PBXGroup;
			children = (
				345245C82B274A21004AEA28 /* Preview Assets.xcassets */,
			);
			path = "Preview Content";
			sourceTree = "<group>";
		};
		345245D12B274BB8004AEA28 /* Extensions */ = {
			isa = PBXGroup;
			children = (
				345245D22B274BDD004AEA28 /* Color.swift */,
				345245E42B278830004AEA28 /* PreviewProvider.swift */,
				345245E62B27922E004AEA28 /* Double.swift */,
			);
			path = Extensions;
			sourceTree = "<group>";
		};
		345245D42B274EB9004AEA28 /* Core */ = {
			isa = PBXGroup;
			children = (
				345245D92B2750CB004AEA28 /* Components */,
				345245D62B274F0C004AEA28 /* ViewModel */,
				345245D52B274EFE004AEA28 /* Views */,
			);
			path = Core;
			sourceTree = "<group>";
		};
		345245D52B274EFE004AEA28 /* Views */ = {
			isa = PBXGroup;
			children = (
				345245D72B274F70004AEA28 /* HomeView.swift */,
				345245E22B2787B1004AEA28 /* CoinRowView.swift */,
			);
			path = Views;
			sourceTree = "<group>";
		};
		345245D62B274F0C004AEA28 /* ViewModel */ = {
			isa = PBXGroup;
			children = (
				34E9DFD82B29FEAD00AAAA96 /* HomeViewModel.swift */,
			);
			path = ViewModel;
			sourceTree = "<group>";
		};
		345245D92B2750CB004AEA28 /* Components */ = {
			isa = PBXGroup;
			children = (
				345245DA2B2750EE004AEA28 /* CircleButton */,
			);
			path = Components;
			sourceTree = "<group>";
		};
		345245DA2B2750EE004AEA28 /* CircleButton */ = {
			isa = PBXGroup;
			children = (
				345245DB2B275113004AEA28 /* CircleButtonView.swift */,
				345245DD2B275C90004AEA28 /* CircleButtonAnimationView.swift */,
			);
			path = CircleButton;
			sourceTree = "<group>";
		};
		345245DF2B2783D7004AEA28 /* Models */ = {
			isa = PBXGroup;
			children = (
				345245E02B2783F0004AEA28 /* CoinModel.swift */,
			);
			path = Models;
			sourceTree = "<group>";
		};
/* End PBXGroup section */

/* Begin PBXNativeTarget section */
		345245BD2B274A20004AEA28 /* SwiftfulCrypto */ = {
			isa = PBXNativeTarget;
			buildConfigurationList = 345245CC2B274A21004AEA28 /* Build configuration list for PBXNativeTarget "SwiftfulCrypto" */;
			buildPhases = (
				345245BA2B274A20004AEA28 /* Sources */,
				345245BB2B274A20004AEA28 /* Frameworks */,
				345245BC2B274A20004AEA28 /* Resources */,
			);
			buildRules = (
			);
			dependencies = (
			);
			name = SwiftfulCrypto;
			productName = SwiftfulCrypto;
			productReference = 345245BE2B274A20004AEA28 /* SwiftfulCrypto.app */;
			productType = "com.apple.product-type.application";
		};
/* End PBXNativeTarget section */

/* Begin PBXProject section */
		345245B62B274A20004AEA28 /* Project object */ = {
			isa = PBXProject;
			attributes = {
				BuildIndependentTargetsInParallel = 1;
				LastSwiftUpdateCheck = 1500;
				LastUpgradeCheck = 1500;
				TargetAttributes = {
					345245BD2B274A20004AEA28 = {
						CreatedOnToolsVersion = 15.0.1;
					};
				};
			};
			buildConfigurationList = 345245B92B274A20004AEA28 /* Build configuration list for PBXProject "SwiftfulCrypto" */;
			compatibilityVersion = "Xcode 14.0";
			developmentRegion = en;
			hasScannedForEncodings = 0;
			knownRegions = (
				en,
				Base,
			);
			mainGroup = 345245B52B274A20004AEA28;
			productRefGroup = 345245BF2B274A20004AEA28 /* Products */;
			projectDirPath = "";
			projectRoot = "";
			targets = (
				345245BD2B274A20004AEA28 /* SwiftfulCrypto */,
			);
		};
/* End PBXProject section */

/* Begin PBXResourcesBuildPhase section */
		345245BC2B274A20004AEA28 /* Resources */ = {
			isa = PBXResourcesBuildPhase;
			buildActionMask = 2147483647;
			files = (
				345245C92B274A21004AEA28 /* Preview Assets.xcassets in Resources */,
				345245D02B274ABF004AEA28 /* Assets.xcassets in Resources */,
			);
			runOnlyForDeploymentPostprocessing = 0;
		};
/* End PBXResourcesBuildPhase section */

/* Begin PBXSourcesBuildPhase section */
		345245BA2B274A20004AEA28 /* Sources */ = {
			isa = PBXSourcesBuildPhase;
			buildActionMask = 2147483647;
			files = (
				345245E32B2787B1004AEA28 /* CoinRowView.swift in Sources */,
				34E9DFD92B29FEAD00AAAA96 /* HomeViewModel.swift in Sources */,
				345245C42B274A20004AEA28 /* ContentView.swift in Sources */,
				345245D82B274F70004AEA28 /* HomeView.swift in Sources */,
				345245E12B2783F0004AEA28 /* CoinModel.swift in Sources */,
				345245C22B274A20004AEA28 /* SwiftfulCryptoApp.swift in Sources */,
				345245DC2B275113004AEA28 /* CircleButtonView.swift in Sources */,
				345245D32B274BDD004AEA28 /* Color.swift in Sources */,
				345245E52B278830004AEA28 /* PreviewProvider.swift in Sources */,
				345245E72B27922E004AEA28 /* Double.swift in Sources */,
				345245DE2B275C90004AEA28 /* CircleButtonAnimationView.swift in Sources */,
			);
			runOnlyForDeploymentPostprocessing = 0;
		};
/* End PBXSourcesBuildPhase section */

/* Begin XCBuildConfiguration section */
		345245CA2B274A21004AEA28 /* Debug */ = {
			isa = XCBuildConfiguration;
			buildSettings = {
				ALWAYS_SEARCH_USER_PATHS = NO;
				ASSETCATALOG_COMPILER_GENERATE_SWIFT_ASSET_SYMBOL_EXTENSIONS = YES;
				CLANG_ANALYZER_NONNULL = YES;
				CLANG_ANALYZER_NUMBER_OBJECT_CONVERSION = YES_AGGRESSIVE;
				CLANG_CXX_LANGUAGE_STANDARD = "gnu++20";
				CLANG_ENABLE_MODULES = YES;
				CLANG_ENABLE_OBJC_ARC = YES;
				CLANG_ENABLE_OBJC_WEAK = YES;
				CLANG_WARN_BLOCK_CAPTURE_AUTORELEASING = YES;
				CLANG_WARN_BOOL_CONVERSION = YES;
				CLANG_WARN_COMMA = YES;
				CLANG_WARN_CONSTANT_CONVERSION = YES;
				CLANG_WARN_DEPRECATED_OBJC_IMPLEMENTATIONS = YES;
				CLANG_WARN_DIRECT_OBJC_ISA_USAGE = YES_ERROR;
				CLANG_WARN_DOCUMENTATION_COMMENTS = YES;
				CLANG_WARN_EMPTY_BODY = YES;
				CLANG_WARN_ENUM_CONVERSION = YES;
				CLANG_WARN_INFINITE_RECURSION = YES;
				CLANG_WARN_INT_CONVERSION = YES;
				CLANG_WARN_NON_LITERAL_NULL_CONVERSION = YES;
				CLANG_WARN_OBJC_IMPLICIT_RETAIN_SELF = YES;
				CLANG_WARN_OBJC_LITERAL_CONVERSION = YES;
				CLANG_WARN_OBJC_ROOT_CLASS = YES_ERROR;
				CLANG_WARN_QUOTED_INCLUDE_IN_FRAMEWORK_HEADER = YES;
				CLANG_WARN_RANGE_LOOP_ANALYSIS = YES;
				CLANG_WARN_STRICT_PROTOTYPES = YES;
				CLANG_WARN_SUSPICIOUS_MOVE = YES;
				CLANG_WARN_UNGUARDED_AVAILABILITY = YES_AGGRESSIVE;
				CLANG_WARN_UNREACHABLE_CODE = YES;
				CLANG_WARN__DUPLICATE_METHOD_MATCH = YES;
				COPY_PHASE_STRIP = NO;
				DEBUG_INFORMATION_FORMAT = dwarf;
				ENABLE_STRICT_OBJC_MSGSEND = YES;
				ENABLE_TESTABILITY = YES;
				ENABLE_USER_SCRIPT_SANDBOXING = YES;
				GCC_C_LANGUAGE_STANDARD = gnu17;
				GCC_DYNAMIC_NO_PIC = NO;
				GCC_NO_COMMON_BLOCKS = YES;
				GCC_OPTIMIZATION_LEVEL = 0;
				GCC_PREPROCESSOR_DEFINITIONS = (
					"DEBUG=1",
					"$(inherited)",
				);
				GCC_WARN_64_TO_32_BIT_CONVERSION = YES;
				GCC_WARN_ABOUT_RETURN_TYPE = YES_ERROR;
				GCC_WARN_UNDECLARED_SELECTOR = YES;
				GCC_WARN_UNINITIALIZED_AUTOS = YES_AGGRESSIVE;
				GCC_WARN_UNUSED_FUNCTION = YES;
				GCC_WARN_UNUSED_VARIABLE = YES;
				IPHONEOS_DEPLOYMENT_TARGET = 17.0;
				LOCALIZATION_PREFERS_STRING_CATALOGS = YES;
				MTL_ENABLE_DEBUG_INFO = INCLUDE_SOURCE;
				MTL_FAST_MATH = YES;
				ONLY_ACTIVE_ARCH = YES;
				SDKROOT = iphoneos;
				SWIFT_ACTIVE_COMPILATION_CONDITIONS = "DEBUG $(inherited)";
				SWIFT_OPTIMIZATION_LEVEL = "-Onone";
			};
			name = Debug;
		};
		345245CB2B274A21004AEA28 /* Release */ = {
			isa = XCBuildConfiguration;
			buildSettings = {
				ALWAYS_SEARCH_USER_PATHS = NO;
				ASSETCATALOG_COMPILER_GENERATE_SWIFT_ASSET_SYMBOL_EXTENSIONS = YES;
				CLANG_ANALYZER_NONNULL = YES;
				CLANG_ANALYZER_NUMBER_OBJECT_CONVERSION = YES_AGGRESSIVE;
				CLANG_CXX_LANGUAGE_STANDARD = "gnu++20";
				CLANG_ENABLE_MODULES = YES;
				CLANG_ENABLE_OBJC_ARC = YES;
				CLANG_ENABLE_OBJC_WEAK = YES;
				CLANG_WARN_BLOCK_CAPTURE_AUTORELEASING = YES;
				CLANG_WARN_BOOL_CONVERSION = YES;
				CLANG_WARN_COMMA = YES;
				CLANG_WARN_CONSTANT_CONVERSION = YES;
				CLANG_WARN_DEPRECATED_OBJC_IMPLEMENTATIONS = YES;
				CLANG_WARN_DIRECT_OBJC_ISA_USAGE = YES_ERROR;
				CLANG_WARN_DOCUMENTATION_COMMENTS = YES;
				CLANG_WARN_EMPTY_BODY = YES;
				CLANG_WARN_ENUM_CONVERSION = YES;
				CLANG_WARN_INFINITE_RECURSION = YES;
				CLANG_WARN_INT_CONVERSION = YES;
				CLANG_WARN_NON_LITERAL_NULL_CONVERSION = YES;
				CLANG_WARN_OBJC_IMPLICIT_RETAIN_SELF = YES;
				CLANG_WARN_OBJC_LITERAL_CONVERSION = YES;
				CLANG_WARN_OBJC_ROOT_CLASS = YES_ERROR;
				CLANG_WARN_QUOTED_INCLUDE_IN_FRAMEWORK_HEADER = YES;
				CLANG_WARN_RANGE_LOOP_ANALYSIS = YES;
				CLANG_WARN_STRICT_PROTOTYPES = YES;
				CLANG_WARN_SUSPICIOUS_MOVE = YES;
				CLANG_WARN_UNGUARDED_AVAILABILITY = YES_AGGRESSIVE;
				CLANG_WARN_UNREACHABLE_CODE = YES;
				CLANG_WARN__DUPLICATE_METHOD_MATCH = YES;
				COPY_PHASE_STRIP = NO;
				DEBUG_INFORMATION_FORMAT = "dwarf-with-dsym";
				ENABLE_NS_ASSERTIONS = NO;
				ENABLE_STRICT_OBJC_MSGSEND = YES;
				ENABLE_USER_SCRIPT_SANDBOXING = YES;
				GCC_C_LANGUAGE_STANDARD = gnu17;
				GCC_NO_COMMON_BLOCKS = YES;
				GCC_WARN_64_TO_32_BIT_CONVERSION = YES;
				GCC_WARN_ABOUT_RETURN_TYPE = YES_ERROR;
				GCC_WARN_UNDECLARED_SELECTOR = YES;
				GCC_WARN_UNINITIALIZED_AUTOS = YES_AGGRESSIVE;
				GCC_WARN_UNUSED_FUNCTION = YES;
				GCC_WARN_UNUSED_VARIABLE = YES;
				IPHONEOS_DEPLOYMENT_TARGET = 17.0;
				LOCALIZATION_PREFERS_STRING_CATALOGS = YES;
				MTL_ENABLE_DEBUG_INFO = NO;
				MTL_FAST_MATH = YES;
				SDKROOT = iphoneos;
				SWIFT_COMPILATION_MODE = wholemodule;
				VALIDATE_PRODUCT = YES;
			};
			name = Release;
		};
		345245CD2B274A21004AEA28 /* Debug */ = {
			isa = XCBuildConfiguration;
			buildSettings = {
				ASSETCATALOG_COMPILER_APPICON_NAME = AppIcon;
				ASSETCATALOG_COMPILER_GLOBAL_ACCENT_COLOR_NAME = AccentColor;
				CODE_SIGN_STYLE = Automatic;
				CURRENT_PROJECT_VERSION = 1;
				DEVELOPMENT_ASSET_PATHS = "\"SwiftfulCrypto/Preview Content\"";
				DEVELOPMENT_TEAM = ZDQGJG294W;
				ENABLE_PREVIEWS = YES;
				GENERATE_INFOPLIST_FILE = YES;
				INFOPLIST_KEY_CFBundleDisplayName = "Crypto Tracker";
				INFOPLIST_KEY_UIApplicationSceneManifest_Generation = YES;
				INFOPLIST_KEY_UIApplicationSupportsIndirectInputEvents = YES;
				INFOPLIST_KEY_UILaunchScreen_Generation = YES;
				INFOPLIST_KEY_UISupportedInterfaceOrientations = UIInterfaceOrientationPortrait;
				INFOPLIST_KEY_UISupportedInterfaceOrientations_iPad = "UIInterfaceOrientationLandscapeLeft UIInterfaceOrientationLandscapeRight UIInterfaceOrientationPortrait UIInterfaceOrientationPortraitUpsideDown";
				LD_RUNPATH_SEARCH_PATHS = (
					"$(inherited)",
					"@executable_path/Frameworks",
				);
				MARKETING_VERSION = 1.0;
				PRODUCT_BUNDLE_IDENTIFIER = dev.brunoamorim.SwiftfulCrypto;
				PRODUCT_NAME = "$(TARGET_NAME)";
				SWIFT_EMIT_LOC_STRINGS = YES;
				SWIFT_VERSION = 5.0;
				TARGETED_DEVICE_FAMILY = "1,2";
			};
			name = Debug;
		};
		345245CE2B274A21004AEA28 /* Release */ = {
			isa = XCBuildConfiguration;
			buildSettings = {
				ASSETCATALOG_COMPILER_APPICON_NAME = AppIcon;
				ASSETCATALOG_COMPILER_GLOBAL_ACCENT_COLOR_NAME = AccentColor;
				CODE_SIGN_STYLE = Automatic;
				CURRENT_PROJECT_VERSION = 1;
				DEVELOPMENT_ASSET_PATHS = "\"SwiftfulCrypto/Preview Content\"";
				DEVELOPMENT_TEAM = ZDQGJG294W;
				ENABLE_PREVIEWS = YES;
				GENERATE_INFOPLIST_FILE = YES;
				INFOPLIST_KEY_CFBundleDisplayName = "Crypto Tracker";
				INFOPLIST_KEY_UIApplicationSceneManifest_Generation = YES;
				INFOPLIST_KEY_UIApplicationSupportsIndirectInputEvents = YES;
				INFOPLIST_KEY_UILaunchScreen_Generation = YES;
				INFOPLIST_KEY_UISupportedInterfaceOrientations = UIInterfaceOrientationPortrait;
				INFOPLIST_KEY_UISupportedInterfaceOrientations_iPad = "UIInterfaceOrientationLandscapeLeft UIInterfaceOrientationLandscapeRight UIInterfaceOrientationPortrait UIInterfaceOrientationPortraitUpsideDown";
				LD_RUNPATH_SEARCH_PATHS = (
					"$(inherited)",
					"@executable_path/Frameworks",
				);
				MARKETING_VERSION = 1.0;
				PRODUCT_BUNDLE_IDENTIFIER = dev.brunoamorim.SwiftfulCrypto;
				PRODUCT_NAME = "$(TARGET_NAME)";
				SWIFT_EMIT_LOC_STRINGS = YES;
				SWIFT_VERSION = 5.0;
				TARGETED_DEVICE_FAMILY = "1,2";
			};
			name = Release;
		};
/* End XCBuildConfiguration section */

/* Begin XCConfigurationList section */
		345245B92B274A20004AEA28 /* Build configuration list for PBXProject "SwiftfulCrypto" */ = {
			isa = XCConfigurationList;
			buildConfigurations = (
				345245CA2B274A21004AEA28 /* Debug */,
				345245CB2B274A21004AEA28 /* Release */,
			);
			defaultConfigurationIsVisible = 0;
			defaultConfigurationName = Release;
		};
		345245CC2B274A21004AEA28 /* Build configuration list for PBXNativeTarget "SwiftfulCrypto" */ = {
			isa = XCConfigurationList;
			buildConfigurations = (
				345245CD2B274A21004AEA28 /* Debug */,
				345245CE2B274A21004AEA28 /* Release */,
			);
			defaultConfigurationIsVisible = 0;
			defaultConfigurationName = Release;
		};
/* End XCConfigurationList section */
	};
	rootObject = 345245B62B274A20004AEA28 /* Project object */;
}
